// !$*UTF8*$!
{
	archiveVersion = 1;
	classes = {
	};
	objectVersion = 46;
	objects = {

/* Begin PBXBuildFile section */
		3E4681D11A66117E00959DEF /* main.m in Sources */ = {isa = PBXBuildFile; fileRef = 3E4681D01A66117E00959DEF /* main.m */; };
		3E4681D41A66117E00959DEF /* AppDelegate.m in Sources */ = {isa = PBXBuildFile; fileRef = 3E4681D31A66117E00959DEF /* AppDelegate.m */; };
		3E4681D71A66117E00959DEF /* ViewController.m in Sources */ = {isa = PBXBuildFile; fileRef = 3E4681D61A66117E00959DEF /* ViewController.m */; };
		3E4681DA1A66117E00959DEF /* Main.storyboard in Resources */ = {isa = PBXBuildFile; fileRef = 3E4681D81A66117E00959DEF /* Main.storyboard */; };
		3E4681DC1A66117E00959DEF /* Images.xcassets in Resources */ = {isa = PBXBuildFile; fileRef = 3E4681DB1A66117E00959DEF /* Images.xcassets */; };
		3E4681DF1A66117E00959DEF /* LaunchScreen.xib in Resources */ = {isa = PBXBuildFile; fileRef = 3E4681DD1A66117E00959DEF /* LaunchScreen.xib */; };
		3E4681EB1A66117E00959DEF /* VOMetroLayoutDemoTests.m in Sources */ = {isa = PBXBuildFile; fileRef = 3E4681EA1A66117E00959DEF /* VOMetroLayoutDemoTests.m */; };
		3E4681F71A6611AA00959DEF /* VOMetroLayout.m in Sources */ = {isa = PBXBuildFile; fileRef = 3E4681F61A6611AA00959DEF /* VOMetroLayout.m */; };
/* End PBXBuildFile section */

/* Begin PBXContainerItemProxy section */
		3E4681E51A66117E00959DEF /* PBXContainerItemProxy */ = {
			isa = PBXContainerItemProxy;
			containerPortal = 3E4681C31A66117E00959DEF /* Project object */;
			proxyType = 1;
			remoteGlobalIDString = 3E4681CA1A66117E00959DEF;
			remoteInfo = VOMetroLayoutDemo;
		};
/* End PBXContainerItemProxy section */

/* Begin PBXFileReference section */
		3E4681CB1A66117E00959DEF /* VOMetroLayoutDemo.app */ = {isa = PBXFileReference; explicitFileType = wrapper.application; includeInIndex = 0; path = VOMetroLayoutDemo.app; sourceTree = BUILT_PRODUCTS_DIR; };
		3E4681CF1A66117E00959DEF /* Info.plist */ = {isa = PBXFileReference; lastKnownFileType = text.plist.xml; path = Info.plist; sourceTree = "<group>"; };
		3E4681D01A66117E00959DEF /* main.m */ = {isa = PBXFileReference; lastKnownFileType = sourcecode.c.objc; path = main.m; sourceTree = "<group>"; };
		3E4681D21A66117E00959DEF /* AppDelegate.h */ = {isa = PBXFileReference; lastKnownFileType = sourcecode.c.h; path = AppDelegate.h; sourceTree = "<group>"; };
		3E4681D31A66117E00959DEF /* AppDelegate.m */ = {isa = PBXFileReference; lastKnownFileType = sourcecode.c.objc; path = AppDelegate.m; sourceTree = "<group>"; };
		3E4681D51A66117E00959DEF /* ViewController.h */ = {isa = PBXFileReference; lastKnownFileType = sourcecode.c.h; path = ViewController.h; sourceTree = "<group>"; };
		3E4681D61A66117E00959DEF /* ViewController.m */ = {isa = PBXFileReference; lastKnownFileType = sourcecode.c.objc; path = ViewController.m; sourceTree = "<group>"; };
		3E4681D91A66117E00959DEF /* Base */ = {isa = PBXFileReference; lastKnownFileType = file.storyboard; name = Base; path = Base.lproj/Main.storyboard; sourceTree = "<group>"; };
		3E4681DB1A66117E00959DEF /* Images.xcassets */ = {isa = PBXFileReference; lastKnownFileType = folder.assetcatalog; path = Images.xcassets; sourceTree = "<group>"; };
		3E4681DE1A66117E00959DEF /* Base */ = {isa = PBXFileReference; lastKnownFileType = file.xib; name = Base; path = Base.lproj/LaunchScreen.xib; sourceTree = "<group>"; };
		3E4681E41A66117E00959DEF /* VOMetroLayoutDemoTests.xctest */ = {isa = PBXFileReference; explicitFileType = wrapper.cfbundle; includeInIndex = 0; path = VOMetroLayoutDemoTests.xctest; sourceTree = BUILT_PRODUCTS_DIR; };
		3E4681E91A66117E00959DEF /* Info.plist */ = {isa = PBXFileReference; lastKnownFileType = text.plist.xml; path = Info.plist; sourceTree = "<group>"; };
		3E4681EA1A66117E00959DEF /* VOMetroLayoutDemoTests.m */ = {isa = PBXFileReference; lastKnownFileType = sourcecode.c.objc; path = VOMetroLayoutDemoTests.m; sourceTree = "<group>"; };
		3E4681F51A6611AA00959DEF /* VOMetroLayout.h */ = {isa = PBXFileReference; fileEncoding = 4; lastKnownFileType = sourcecode.c.h; path = VOMetroLayout.h; sourceTree = "<group>"; };
		3E4681F61A6611AA00959DEF /* VOMetroLayout.m */ = {isa = PBXFileReference; fileEncoding = 4; lastKnownFileType = sourcecode.c.objc; path = VOMetroLayout.m; sourceTree = "<group>"; };
/* End PBXFileReference section */

/* Begin PBXFrameworksBuildPhase section */
		3E4681C81A66117E00959DEF /* Frameworks */ = {
			isa = PBXFrameworksBuildPhase;
			buildActionMask = 2147483647;
			files = (
			);
			runOnlyForDeploymentPostprocessing = 0;
		};
		3E4681E11A66117E00959DEF /* Frameworks */ = {
			isa = PBXFrameworksBuildPhase;
			buildActionMask = 2147483647;
			files = (
			);
			runOnlyForDeploymentPostprocessing = 0;
		};
/* End PBXFrameworksBuildPhase section */

/* Begin PBXGroup section */
		3E4681C21A66117E00959DEF = {
			isa = PBXGroup;
			children = (
				3E4681CD1A66117E00959DEF /* VOMetroLayoutDemo */,
				3E4681E71A66117E00959DEF /* VOMetroLayoutDemoTests */,
				3E4681CC1A66117E00959DEF /* Products */,
			);
			sourceTree = "<group>";
		};
		3E4681CC1A66117E00959DEF /* Products */ = {
			isa = PBXGroup;
			children = (
				3E4681CB1A66117E00959DEF /* VOMetroLayoutDemo.app */,
				3E4681E41A66117E00959DEF /* VOMetroLayoutDemoTests.xctest */,
			);
			name = Products;
			sourceTree = "<group>";
		};
		3E4681CD1A66117E00959DEF /* VOMetroLayoutDemo */ = {
			isa = PBXGroup;
			children = (
				3E4681F41A6611AA00959DEF /* VOMetroLayout */,
				3E4681D21A66117E00959DEF /* AppDelegate.h */,
				3E4681D31A66117E00959DEF /* AppDelegate.m */,
				3E4681D51A66117E00959DEF /* ViewController.h */,
				3E4681D61A66117E00959DEF /* ViewController.m */,
				3E4681D81A66117E00959DEF /* Main.storyboard */,
				3E4681DB1A66117E00959DEF /* Images.xcassets */,
				3E4681DD1A66117E00959DEF /* LaunchScreen.xib */,
				3E4681CE1A66117E00959DEF /* Supporting Files */,
			);
			path = VOMetroLayoutDemo;
			sourceTree = "<group>";
		};
		3E4681CE1A66117E00959DEF /* Supporting Files */ = {
			isa = PBXGroup;
			children = (
				3E4681CF1A66117E00959DEF /* Info.plist */,
				3E4681D01A66117E00959DEF /* main.m */,
			);
			name = "Supporting Files";
			sourceTree = "<group>";
		};
		3E4681E71A66117E00959DEF /* VOMetroLayoutDemoTests */ = {
			isa = PBXGroup;
			children = (
				3E4681EA1A66117E00959DEF /* VOMetroLayoutDemoTests.m */,
				3E4681E81A66117E00959DEF /* Supporting Files */,
			);
			path = VOMetroLayoutDemoTests;
			sourceTree = "<group>";
		};
		3E4681E81A66117E00959DEF /* Supporting Files */ = {
			isa = PBXGroup;
			children = (
				3E4681E91A66117E00959DEF /* Info.plist */,
			);
			name = "Supporting Files";
			sourceTree = "<group>";
		};
		3E4681F41A6611AA00959DEF /* VOMetroLayout */ = {
			isa = PBXGroup;
			children = (
				3E4681F51A6611AA00959DEF /* VOMetroLayout.h */,
				3E4681F61A6611AA00959DEF /* VOMetroLayout.m */,
			);
			path = VOMetroLayout;
			sourceTree = "<group>";
		};
/* End PBXGroup section */

/* Begin PBXNativeTarget section */
		3E4681CA1A66117E00959DEF /* VOMetroLayoutDemo */ = {
			isa = PBXNativeTarget;
			buildConfigurationList = 3E4681EE1A66117E00959DEF /* Build configuration list for PBXNativeTarget "VOMetroLayoutDemo" */;
			buildPhases = (
				3E4681C71A66117E00959DEF /* Sources */,
				3E4681C81A66117E00959DEF /* Frameworks */,
				3E4681C91A66117E00959DEF /* Resources */,
			);
			buildRules = (
			);
			dependencies = (
			);
			name = VOMetroLayoutDemo;
			productName = VOMetroLayoutDemo;
			productReference = 3E4681CB1A66117E00959DEF /* VOMetroLayoutDemo.app */;
			productType = "com.apple.product-type.application";
		};
		3E4681E31A66117E00959DEF /* VOMetroLayoutDemoTests */ = {
			isa = PBXNativeTarget;
			buildConfigurationList = 3E4681F11A66117E00959DEF /* Build configuration list for PBXNativeTarget "VOMetroLayoutDemoTests" */;
			buildPhases = (
				3E4681E01A66117E00959DEF /* Sources */,
				3E4681E11A66117E00959DEF /* Frameworks */,
				3E4681E21A66117E00959DEF /* Resources */,
			);
			buildRules = (
			);
			dependencies = (
				3E4681E61A66117E00959DEF /* PBXTargetDependency */,
			);
			name = VOMetroLayoutDemoTests;
			productName = VOMetroLayoutDemoTests;
			productReference = 3E4681E41A66117E00959DEF /* VOMetroLayoutDemoTests.xctest */;
			productType = "com.apple.product-type.bundle.unit-test";
		};
/* End PBXNativeTarget section */

/* Begin PBXProject section */
		3E4681C31A66117E00959DEF /* Project object */ = {
			isa = PBXProject;
			attributes = {
				LastUpgradeCheck = 0610;
				ORGANIZATIONNAME = ValoLee;
				TargetAttributes = {
					3E4681CA1A66117E00959DEF = {
						CreatedOnToolsVersion = 6.1.1;
					};
					3E4681E31A66117E00959DEF = {
						CreatedOnToolsVersion = 6.1.1;
						TestTargetID = 3E4681CA1A66117E00959DEF;
					};
				};
			};
			buildConfigurationList = 3E4681C61A66117E00959DEF /* Build configuration list for PBXProject "VOMetroLayoutDemo" */;
			compatibilityVersion = "Xcode 3.2";
			developmentRegion = English;
			hasScannedForEncodings = 0;
			knownRegions = (
				en,
				Base,
			);
			mainGroup = 3E4681C21A66117E00959DEF;
			productRefGroup = 3E4681CC1A66117E00959DEF /* Products */;
			projectDirPath = "";
			projectRoot = "";
			targets = (
				3E4681CA1A66117E00959DEF /* VOMetroLayoutDemo */,
				3E4681E31A66117E00959DEF /* VOMetroLayoutDemoTests */,
			);
		};
/* End PBXProject section */

/* Begin PBXResourcesBuildPhase section */
		3E4681C91A66117E00959DEF /* Resources */ = {
			isa = PBXResourcesBuildPhase;
			buildActionMask = 2147483647;
			files = (
				3E4681DA1A66117E00959DEF /* Main.storyboard in Resources */,
				3E4681DF1A66117E00959DEF /* LaunchScreen.xib in Resources */,
				3E4681DC1A66117E00959DEF /* Images.xcassets in Resources */,
			);
			runOnlyForDeploymentPostprocessing = 0;
		};
		3E4681E21A66117E00959DEF /* Resources */ = {
			isa = PBXResourcesBuildPhase;
			buildActionMask = 2147483647;
			files = (
			);
			runOnlyForDeploymentPostprocessing = 0;
		};
/* End PBXResourcesBuildPhase section */

/* Begin PBXSourcesBuildPhase section */
		3E4681C71A66117E00959DEF /* Sources */ = {
			isa = PBXSourcesBuildPhase;
			buildActionMask = 2147483647;
			files = (
				3E4681F71A6611AA00959DEF /* VOMetroLayout.m in Sources */,
				3E4681D71A66117E00959DEF /* ViewController.m in Sources */,
				3E4681D41A66117E00959DEF /* AppDelegate.m in Sources */,
				3E4681D11A66117E00959DEF /* main.m in Sources */,
			);
			runOnlyForDeploymentPostprocessing = 0;
		};
		3E4681E01A66117E00959DEF /* Sources */ = {
			isa = PBXSourcesBuildPhase;
			buildActionMask = 2147483647;
			files = (
				3E4681EB1A66117E00959DEF /* VOMetroLayoutDemoTests.m in Sources */,
			);
			runOnlyForDeploymentPostprocessing = 0;
		};
/* End PBXSourcesBuildPhase section */

/* Begin PBXTargetDependency section */
		3E4681E61A66117E00959DEF /* PBXTargetDependency */ = {
			isa = PBXTargetDependency;
			target = 3E4681CA1A66117E00959DEF /* VOMetroLayoutDemo */;
			targetProxy = 3E4681E51A66117E00959DEF /* PBXContainerItemProxy */;
		};
/* End PBXTargetDependency section */

/* Begin PBXVariantGroup section */
		3E4681D81A66117E00959DEF /* Main.storyboard */ = {
			isa = PBXVariantGroup;
			children = (
				3E4681D91A66117E00959DEF /* Base */,
			);
			name = Main.storyboard;
			sourceTree = "<group>";
		};
		3E4681DD1A66117E00959DEF /* LaunchScreen.xib */ = {
			isa = PBXVariantGroup;
			children = (
				3E4681DE1A66117E00959DEF /* Base */,
			);
			name = LaunchScreen.xib;
			sourceTree = "<group>";
		};
/* End PBXVariantGroup section */

/* Begin XCBuildConfiguration section */
		3E4681EC1A66117E00959DEF /* Debug */ = {
			isa = XCBuildConfiguration;
			buildSettings = {
				ALWAYS_SEARCH_USER_PATHS = NO;
				CLANG_CXX_LANGUAGE_STANDARD = "gnu++0x";
				CLANG_CXX_LIBRARY = "libc++";
				CLANG_ENABLE_MODULES = YES;
				CLANG_ENABLE_OBJC_ARC = YES;
				CLANG_WARN_BOOL_CONVERSION = YES;
				CLANG_WARN_CONSTANT_CONVERSION = YES;
				CLANG_WARN_DIRECT_OBJC_ISA_USAGE = YES_ERROR;
				CLANG_WARN_EMPTY_BODY = YES;
				CLANG_WARN_ENUM_CONVERSION = YES;
				CLANG_WARN_INT_CONVERSION = YES;
				CLANG_WARN_OBJC_ROOT_CLASS = YES_ERROR;
				CLANG_WARN_UNREACHABLE_CODE = YES;
				CLANG_WARN__DUPLICATE_METHOD_MATCH = YES;
				"CODE_SIGN_IDENTITY[sdk=iphoneos*]" = "iPhone Developer";
				COPY_PHASE_STRIP = NO;
				ENABLE_STRICT_OBJC_MSGSEND = YES;
				GCC_C_LANGUAGE_STANDARD = gnu99;
				GCC_DYNAMIC_NO_PIC = NO;
				GCC_OPTIMIZATION_LEVEL = 0;
				GCC_PREPROCESSOR_DEFINITIONS = (
					"DEBUG=1",
					"$(inherited)",
				);
				GCC_SYMBOLS_PRIVATE_EXTERN = NO;
				GCC_WARN_64_TO_32_BIT_CONVERSION = YES;
				GCC_WARN_ABOUT_RETURN_TYPE = YES_ERROR;
				GCC_WARN_UNDECLARED_SELECTOR = YES;
				GCC_WARN_UNINITIALIZED_AUTOS = YES_AGGRESSIVE;
				GCC_WARN_UNUSED_FUNCTION = YES;
				GCC_WARN_UNUSED_VARIABLE = YES;
				IPHONEOS_DEPLOYMENT_TARGET = 8.1;
				MTL_ENABLE_DEBUG_INFO = YES;
				ONLY_ACTIVE_ARCH = YES;
				SDKROOT = iphoneos;
				TARGETED_DEVICE_FAMILY = "1,2";
			};
			name = Debug;
		};
		3E4681ED1A66117E00959DEF /* Release */ = {
			isa = XCBuildConfiguration;
			buildSettings = {
				ALWAYS_SEARCH_USER_PATHS = NO;
				CLANG_CXX_LANGUAGE_STANDARD = "gnu++0x";
				CLANG_CXX_LIBRARY = "libc++";
				CLANG_ENABLE_MODULES = YES;
				CLANG_ENABLE_OBJC_ARC = YES;
				CLANG_WARN_BOOL_CONVERSION = YES;
				CLANG_WARN_CONSTANT_CONVERSION = YES;
				CLANG_WARN_DIRECT_OBJC_ISA_USAGE = YES_ERROR;
				CLANG_WARN_EMPTY_BODY = YES;
				CLANG_WARN_ENUM_CONVERSION = YES;
				CLANG_WARN_INT_CONVERSION = YES;
				CLANG_WARN_OBJC_ROOT_CLASS = YES_ERROR;
				CLANG_WARN_UNREACHABLE_CODE = YES;
				CLANG_WARN__DUPLICATE_METHOD_MATCH = YES;
				"CODE_SIGN_IDENTITY[sdk=iphoneos*]" = "iPhone Developer";
				COPY_PHASE_STRIP = YES;
				ENABLE_NS_ASSERTIONS = NO;
				ENABLE_STRICT_OBJC_MSGSEND = YES;
				GCC_C_LANGUAGE_STANDARD = gnu99;
				GCC_WARN_64_TO_32_BIT_CONVERSION = YES;
				GCC_WARN_ABOUT_RETURN_TYPE = YES_ERROR;
				GCC_WARN_UNDECLARED_SELECTOR = YES;
				GCC_WARN_UNINITIALIZED_AUTOS = YES_AGGRESSIVE;
				GCC_WARN_UNUSED_FUNCTION = YES;
				GCC_WARN_UNUSED_VARIABLE = YES;
				IPHONEOS_DEPLOYMENT_TARGET = 8.1;
				MTL_ENABLE_DEBUG_INFO = NO;
				SDKROOT = iphoneos;
				TARGETED_DEVICE_FAMILY = "1,2";
				VALIDATE_PRODUCT = YES;
			};
			name = Release;
		};
		3E4681EF1A66117E00959DEF /* Debug */ = {
			isa = XCBuildConfiguration;
			buildSettings = {
				ASSETCATALOG_COMPILER_APPICON_NAME = AppIcon;
				INFOPLIST_FILE = VOMetroLayoutDemo/Info.plist;
				LD_RUNPATH_SEARCH_PATHS = "$(inherited) @executable_path/Frameworks";
				PRODUCT_NAME = "$(TARGET_NAME)";
			};
			name = Debug;
		};
		3E4681F01A66117E00959DEF /* Release */ = {
			isa = XCBuildConfiguration;
			buildSettings = {
				ASSETCATALOG_COMPILER_APPICON_NAME = AppIcon;
				INFOPLIST_FILE = VOMetroLayoutDemo/Info.plist;
				LD_RUNPATH_SEARCH_PATHS = "$(inherited) @executable_path/Frameworks";
				PRODUCT_NAME = "$(TARGET_NAME)";
			};
			name = Release;
		};
		3E4681F21A66117E00959DEF /* Debug */ = {
			isa = XCBuildConfiguration;
			buildSettings = {
				BUNDLE_LOADER = "$(TEST_HOST)";
				FRAMEWORK_SEARCH_PATHS = (
					"$(SDKROOT)/Developer/Library/Frameworks",
					"$(inherited)",
				);
				GCC_PREPROCESSOR_DEFINITIONS = (
					"DEBUG=1",
					"$(inherited)",
				);
				INFOPLIST_FILE = VOMetroLayoutDemoTests/Info.plist;
				LD_RUNPATH_SEARCH_PATHS = "$(inherited) @executable_path/Frameworks @loader_path/Frameworks";
				PRODUCT_NAME = "$(TARGET_NAME)";
				TEST_HOST = "$(BUILT_PRODUCTS_DIR)/VOMetroLayoutDemo.app/VOMetroLayoutDemo";
			};
			name = Debug;
		};
		3E4681F31A66117E00959DEF /* Release */ = {
			isa = XCBuildConfiguration;
			buildSettings = {
				BUNDLE_LOADER = "$(TEST_HOST)";
				FRAMEWORK_SEARCH_PATHS = (
					"$(SDKROOT)/Developer/Library/Frameworks",
					"$(inherited)",
				);
				INFOPLIST_FILE = VOMetroLayoutDemoTests/Info.plist;
				LD_RUNPATH_SEARCH_PATHS = "$(inherited) @executable_path/Frameworks @loader_path/Frameworks";
				PRODUCT_NAME = "$(TARGET_NAME)";
				TEST_HOST = "$(BUILT_PRODUCTS_DIR)/VOMetroLayoutDemo.app/VOMetroLayoutDemo";
			};
			name = Release;
		};
/* End XCBuildConfiguration section */

/* Begin XCConfigurationList section */
		3E4681C61A66117E00959DEF /* Build configuration list for PBXProject "VOMetroLayoutDemo" */ = {
			isa = XCConfigurationList;
			buildConfigurations = (
				3E4681EC1A66117E00959DEF /* Debug */,
				3E4681ED1A66117E00959DEF /* Release */,
			);
			defaultConfigurationIsVisible = 0;
			defaultConfigurationName = Release;
		};
		3E4681EE1A66117E00959DEF /* Build configuration list for PBXNativeTarget "VOMetroLayoutDemo" */ = {
			isa = XCConfigurationList;
			buildConfigurations = (
				3E4681EF1A66117E00959DEF /* Debug */,
				3E4681F01A66117E00959DEF /* Release */,
			);
			defaultConfigurationIsVisible = 0;
			defaultConfigurationName = Release;
		};
		3E4681F11A66117E00959DEF /* Build configuration list for PBXNativeTarget "VOMetroLayoutDemoTests" */ = {
			isa = XCConfigurationList;
			buildConfigurations = (
				3E4681F21A66117E00959DEF /* Debug */,
				3E4681F31A66117E00959DEF /* Release */,
			);
			defaultConfigurationIsVisible = 0;
			defaultConfigurationName = Release;
		};
/* End XCConfigurationList section */
	};
	rootObject = 3E4681C31A66117E00959DEF /* Project object */;
}
